
Microsoft Visual Studio Solution File, Format Version 12.00
# Visual Studio Version 17
VisualStudioVersion = 17.3.32819.101
MinimumVisualStudioVersion = 10.0.40219.1
Project("{9A19103F-16F7-4668-BE54-9A1E7A4F7556}") = "FlightBooking", "FlightBooking.csproj", "{3558325B-D36B-4658-9031-B686BC0EC80C}"
EndProject
Global
	GlobalSection(SolutionConfigurationPlatforms) = preSolution
		Debug|Any CPU = Debug|Any CPU
		Release|Any CPU = Release|Any CPU
	EndGlobalSection
	GlobalSection(ProjectConfigurationPlatforms) = postSolution
		{3558325B-D36B-4658-9031-B686BC0EC80C}.Debug|Any CPU.ActiveCfg = Debug|Any CPU
		{3558325B-D36B-4658-9031-B686BC0EC80C}.Debug|Any CPU.Build.0 = Debug|Any CPU
		{3558325B-D36B-4658-9031-B686BC0EC80C}.Release|Any CPU.ActiveCfg = Release|Any CPU
		{3558325B-D36B-4658-9031-B686BC0EC80C}.Release|Any CPU.Build.0 = Release|Any CPU
	EndGlobalSection
	GlobalSection(SolutionProperties) = preSolution
		HideSolutionNode = FALSE
	EndGlobalSection
	GlobalSection(ExtensibilityGlobals) = postSolution
		SolutionGuid = {A4BE4AE4-5B46-496F-919C-C44364A5C5E6}
	EndGlobalSection
EndGlobal
